{
  "name": "app",
  "version": "0.1.0",
  "lockfileVersion": 1,
  "requires": true,
  "dependencies": {
    "rust-wasm-react-calculator": {
      "version": "0.1.4",
      "resolved": "https://registry.npmjs.org/rust-wasm-react-calculator/-/rust-wasm-react-calculator-0.1.4.tgz",
      "integrity": "sha512-gogdb9tnQLmsXHUpt6dQ6oi07f691kEAKcnXDaZOa5J3rYurqJz/Rh6AjDuejoFcJwRqr/Ub2aUD517cUTIt1w=="
    }
  }
}
